
Microsoft Visual Studio Solution File, Format Version 12.00
# Visual Studio Version 17
VisualStudioVersion = 17.13.35931.197 d17.13
MinimumVisualStudioVersion = 10.0.40219.1
Project("{FAE04EC0-301F-11D3-BF4B-00C04F79EFBC}") = "QuanLyBenhVien", "QuanLyBenhVien\QuanLyBenhVien.csproj", "{B6008E90-4BD4-4A75-A8CD-C8ED6BB7B877}"
EndProject
Global
	GlobalSection(SolutionConfigurationPlatforms) = preSolution
		Debug|Any CPU = Debug|Any CPU
		Release|Any CPU = Release|Any CPU
	EndGlobalSection
	GlobalSection(ProjectConfigurationPlatforms) = postSolution
		{B6008E90-4BD4-4A75-A8CD-C8ED6BB7B877}.Debug|Any CPU.ActiveCfg = Debug|Any CPU
		{B6008E90-4BD4-4A75-A8CD-C8ED6BB7B877}.Debug|Any CPU.Build.0 = Debug|Any CPU
		{B6008E90-4BD4-4A75-A8CD-C8ED6BB7B877}.Release|Any CPU.ActiveCfg = Release|Any CPU
		{B6008E90-4BD4-4A75-A8CD-C8ED6BB7B877}.Release|Any CPU.Build.0 = Release|Any CPU
	EndGlobalSection
	GlobalSection(SolutionProperties) = preSolution
		HideSolutionNode = FALSE
	EndGlobalSection
	GlobalSection(ExtensibilityGlobals) = postSolution
		SolutionGuid = {BD0762FE-D6E9-4BAD-BF48-13174D2AA08C}
	EndGlobalSection
EndGlobal
